
Microsoft Visual Studio Solution File, Format Version 12.00
# Visual Studio Version 17
VisualStudioVersion = 17.12.35707.178
MinimumVisualStudioVersion = 10.0.40219.1
Project("{2150E333-8FDC-42A3-9474-1A3956D46DE8}") = "Solution Items", "Solution Items", "{E3903470-7743-43A6-A94F-2612AED1EDF6}"
	ProjectSection(SolutionItems) = preProject
		Key.snk = Key.snk
	EndProjectSection
EndProject
Project("{FAE04EC0-301F-11D3-BF4B-00C04F79EFBC}") = "SparkCode.CustomAPIs", "SparkCode.CustomAPIs\SparkCode.CustomAPIs.csproj", "{921260EC-82C7-426F-8E23-FA96AB62323A}"
EndProject
Project("{FAE04EC0-301F-11D3-BF4B-00C04F79EFBC}") = "SparkCode.APIRegistrationTool", "SparkCode.APIRegistrationTool\SparkCode.APIRegistrationTool.csproj", "{717B40BA-12D6-4273-A684-F1D37096FC10}"
EndProject
Project("{FAE04EC0-301F-11D3-BF4B-00C04F79EFBC}") = "SparkCode.API", "SparkCode.API\SparkCode.API.csproj", "{2AE36D9B-94F6-4DFC-9192-4C9AA06ECF77}"
EndProject
Project("{FAE04EC0-301F-11D3-BF4B-00C04F79EFBC}") = "SparkCode", "SparkCode\SparkCode.csproj", "{5FCD491F-5873-4D7E-8E58-7F561FCE9EC9}"
EndProject
Global
	GlobalSection(SolutionConfigurationPlatforms) = preSolution
		Debug|Any CPU = Debug|Any CPU
		Release|Any CPU = Release|Any CPU
	EndGlobalSection
	GlobalSection(ProjectConfigurationPlatforms) = postSolution
		{921260EC-82C7-426F-8E23-FA96AB62323A}.Debug|Any CPU.ActiveCfg = Debug|Any CPU
		{921260EC-82C7-426F-8E23-FA96AB62323A}.Debug|Any CPU.Build.0 = Debug|Any CPU
		{921260EC-82C7-426F-8E23-FA96AB62323A}.Release|Any CPU.ActiveCfg = Release|Any CPU
		{921260EC-82C7-426F-8E23-FA96AB62323A}.Release|Any CPU.Build.0 = Release|Any CPU
		{717B40BA-12D6-4273-A684-F1D37096FC10}.Debug|Any CPU.ActiveCfg = Debug|Any CPU
		{717B40BA-12D6-4273-A684-F1D37096FC10}.Debug|Any CPU.Build.0 = Debug|Any CPU
		{717B40BA-12D6-4273-A684-F1D37096FC10}.Release|Any CPU.ActiveCfg = Release|Any CPU
		{717B40BA-12D6-4273-A684-F1D37096FC10}.Release|Any CPU.Build.0 = Release|Any CPU
		{2AE36D9B-94F6-4DFC-9192-4C9AA06ECF77}.Debug|Any CPU.ActiveCfg = Debug|Any CPU
		{2AE36D9B-94F6-4DFC-9192-4C9AA06ECF77}.Debug|Any CPU.Build.0 = Debug|Any CPU
		{2AE36D9B-94F6-4DFC-9192-4C9AA06ECF77}.Release|Any CPU.ActiveCfg = Release|Any CPU
		{2AE36D9B-94F6-4DFC-9192-4C9AA06ECF77}.Release|Any CPU.Build.0 = Release|Any CPU
		{5FCD491F-5873-4D7E-8E58-7F561FCE9EC9}.Debug|Any CPU.ActiveCfg = Debug|Any CPU
		{5FCD491F-5873-4D7E-8E58-7F561FCE9EC9}.Debug|Any CPU.Build.0 = Debug|Any CPU
		{5FCD491F-5873-4D7E-8E58-7F561FCE9EC9}.Release|Any CPU.ActiveCfg = Release|Any CPU
		{5FCD491F-5873-4D7E-8E58-7F561FCE9EC9}.Release|Any CPU.Build.0 = Release|Any CPU
	EndGlobalSection
	GlobalSection(SolutionProperties) = preSolution
		HideSolutionNode = FALSE
	EndGlobalSection
EndGlobal
